
Microsoft Visual Studio Solution File, Format Version 12.00
# Visual Studio 15
VisualStudioVersion = 15.0.28307.421
MinimumVisualStudioVersion = 10.0.40219.1
Project("{8BC9CEB8-8B4A-11D0-8D11-00A0C91BC942}") = "libssh", "thirdparty\ssh-0.9.6\libssh.vcxproj", "{17D28A05-3CF7-4F15-B19C-6495EC7579B8}"
	ProjectSection(ProjectDependencies) = postProject
		{98370A1A-2305-3AE1-8D6B-0841290DE59E} = {98370A1A-2305-3AE1-8D6B-0841290DE59E}
		{291DC77D-894B-4903-B382-696F4B2E64E8} = {291DC77D-894B-4903-B382-696F4B2E64E8}
	EndProjectSection
EndProject
Project("{2150E333-8FDC-42A3-9474-1A3956D46DE8}") = "0_thirdparty", "0_thirdparty", "{5DA00F8C-EC0E-42B1-9597-28CAF1159A59}"
EndProject
Project("{8BC9CEB8-8B4A-11D0-8D11-00A0C91BC942}") = "libgpg-error", "thirdparty\gpg-error-1.45\libgpg-error.vcxproj", "{A04A762D-A8D7-4F68-9B79-FBE63C6BE105}"
EndProject
Project("{8BC9CEB8-8B4A-11D0-8D11-00A0C91BC942}") = "libgcrypt", "thirdparty\gcrypt-1.10.1\libgcrypt.vcxproj", "{5D7A23EF-09DE-4C75-8ED1-F783BAACFC7E}"
	ProjectSection(ProjectDependencies) = postProject
		{A04A762D-A8D7-4F68-9B79-FBE63C6BE105} = {A04A762D-A8D7-4F68-9B79-FBE63C6BE105}
	EndProjectSection
EndProject
Project("{2150E333-8FDC-42A3-9474-1A3956D46DE8}") = "0_lib", "0_lib", "{D2D4AC77-D5F8-4AF0-8647-4B77DCFD39F4}"
EndProject
Project("{2150E333-8FDC-42A3-9474-1A3956D46DE8}") = "1_dll", "1_dll", "{6DBB27AF-F96B-4368-8F0D-386D89BE7626}"
EndProject
Project("{8BC9CEB8-8B4A-11D0-8D11-00A0C91BC942}") = "gpg-error", "thirdparty\gpg-error-1.45\gpg-error.vcxproj", "{D09679C2-F0E7-4CA9-A26E-76E35D5D6AD4}"
EndProject
Project("{8BC9CEB8-8B4A-11D0-8D11-00A0C91BC942}") = "gcrypt", "thirdparty\gcrypt-1.10.1\gcrypt.vcxproj", "{291DC77D-894B-4903-B382-696F4B2E64E8}"
	ProjectSection(ProjectDependencies) = postProject
		{D09679C2-F0E7-4CA9-A26E-76E35D5D6AD4} = {D09679C2-F0E7-4CA9-A26E-76E35D5D6AD4}
	EndProjectSection
EndProject
Project("{8BC9CEB8-8B4A-11D0-8D11-00A0C91BC942}") = "libzlib", "thirdparty\zlib-1.2.12\libzlib.vcxproj", "{98370A1A-2305-3AE1-8D6B-0841290DE59E}"
EndProject
Project("{8BC9CEB8-8B4A-11D0-8D11-00A0C91BC942}") = "zlib", "thirdparty\zlib-1.2.12\zlib.vcxproj", "{A0AFD9EC-79C8-36CE-B0E8-1B7699B493C9}"
EndProject
Project("{8BC9CEB8-8B4A-11D0-8D11-00A0C91BC942}") = "ssh", "thirdparty\ssh-0.9.6\ssh.vcxproj", "{1A049192-B510-4889-9B46-BA93FB6D70C5}"
	ProjectSection(ProjectDependencies) = postProject
		{291DC77D-894B-4903-B382-696F4B2E64E8} = {291DC77D-894B-4903-B382-696F4B2E64E8}
		{D09679C2-F0E7-4CA9-A26E-76E35D5D6AD4} = {D09679C2-F0E7-4CA9-A26E-76E35D5D6AD4}
		{A0AFD9EC-79C8-36CE-B0E8-1B7699B493C9} = {A0AFD9EC-79C8-36CE-B0E8-1B7699B493C9}
	EndProjectSection
EndProject
Global
	GlobalSection(SolutionConfigurationPlatforms) = preSolution
		Debug|x64 = Debug|x64
		Release|x64 = Release|x64
	EndGlobalSection
	GlobalSection(ProjectConfigurationPlatforms) = postSolution
		{17D28A05-3CF7-4F15-B19C-6495EC7579B8}.Debug|x64.ActiveCfg = Debug|x64
		{17D28A05-3CF7-4F15-B19C-6495EC7579B8}.Debug|x64.Build.0 = Debug|x64
		{17D28A05-3CF7-4F15-B19C-6495EC7579B8}.Release|x64.ActiveCfg = Release|x64
		{17D28A05-3CF7-4F15-B19C-6495EC7579B8}.Release|x64.Build.0 = Release|x64
		{A04A762D-A8D7-4F68-9B79-FBE63C6BE105}.Debug|x64.ActiveCfg = Debug|x64
		{A04A762D-A8D7-4F68-9B79-FBE63C6BE105}.Debug|x64.Build.0 = Debug|x64
		{A04A762D-A8D7-4F68-9B79-FBE63C6BE105}.Release|x64.ActiveCfg = Release|x64
		{A04A762D-A8D7-4F68-9B79-FBE63C6BE105}.Release|x64.Build.0 = Release|x64
		{5D7A23EF-09DE-4C75-8ED1-F783BAACFC7E}.Debug|x64.ActiveCfg = Debug|x64
		{5D7A23EF-09DE-4C75-8ED1-F783BAACFC7E}.Debug|x64.Build.0 = Debug|x64
		{5D7A23EF-09DE-4C75-8ED1-F783BAACFC7E}.Release|x64.ActiveCfg = Release|x64
		{5D7A23EF-09DE-4C75-8ED1-F783BAACFC7E}.Release|x64.Build.0 = Release|x64
		{D09679C2-F0E7-4CA9-A26E-76E35D5D6AD4}.Debug|x64.ActiveCfg = Debug|x64
		{D09679C2-F0E7-4CA9-A26E-76E35D5D6AD4}.Debug|x64.Build.0 = Debug|x64
		{D09679C2-F0E7-4CA9-A26E-76E35D5D6AD4}.Release|x64.ActiveCfg = Release|x64
		{D09679C2-F0E7-4CA9-A26E-76E35D5D6AD4}.Release|x64.Build.0 = Release|x64
		{291DC77D-894B-4903-B382-696F4B2E64E8}.Debug|x64.ActiveCfg = Debug|x64
		{291DC77D-894B-4903-B382-696F4B2E64E8}.Debug|x64.Build.0 = Debug|x64
		{291DC77D-894B-4903-B382-696F4B2E64E8}.Release|x64.ActiveCfg = Release|x64
		{291DC77D-894B-4903-B382-696F4B2E64E8}.Release|x64.Build.0 = Release|x64
		{98370A1A-2305-3AE1-8D6B-0841290DE59E}.Debug|x64.ActiveCfg = Debug|x64
		{98370A1A-2305-3AE1-8D6B-0841290DE59E}.Debug|x64.Build.0 = Debug|x64
		{98370A1A-2305-3AE1-8D6B-0841290DE59E}.Release|x64.ActiveCfg = Release|x64
		{98370A1A-2305-3AE1-8D6B-0841290DE59E}.Release|x64.Build.0 = Release|x64
		{A0AFD9EC-79C8-36CE-B0E8-1B7699B493C9}.Debug|x64.ActiveCfg = Debug|x64
		{A0AFD9EC-79C8-36CE-B0E8-1B7699B493C9}.Debug|x64.Build.0 = Debug|x64
		{A0AFD9EC-79C8-36CE-B0E8-1B7699B493C9}.Release|x64.ActiveCfg = Release|x64
		{A0AFD9EC-79C8-36CE-B0E8-1B7699B493C9}.Release|x64.Build.0 = Release|x64
		{1A049192-B510-4889-9B46-BA93FB6D70C5}.Debug|x64.ActiveCfg = Debug|x64
		{1A049192-B510-4889-9B46-BA93FB6D70C5}.Debug|x64.Build.0 = Debug|x64
		{1A049192-B510-4889-9B46-BA93FB6D70C5}.Release|x64.ActiveCfg = Release|x64
		{1A049192-B510-4889-9B46-BA93FB6D70C5}.Release|x64.Build.0 = Release|x64
	EndGlobalSection
	GlobalSection(SolutionProperties) = preSolution
		HideSolutionNode = FALSE
	EndGlobalSection
	GlobalSection(NestedProjects) = preSolution
		{17D28A05-3CF7-4F15-B19C-6495EC7579B8} = {D2D4AC77-D5F8-4AF0-8647-4B77DCFD39F4}
		{A04A762D-A8D7-4F68-9B79-FBE63C6BE105} = {D2D4AC77-D5F8-4AF0-8647-4B77DCFD39F4}
		{5D7A23EF-09DE-4C75-8ED1-F783BAACFC7E} = {D2D4AC77-D5F8-4AF0-8647-4B77DCFD39F4}
		{D2D4AC77-D5F8-4AF0-8647-4B77DCFD39F4} = {5DA00F8C-EC0E-42B1-9597-28CAF1159A59}
		{6DBB27AF-F96B-4368-8F0D-386D89BE7626} = {5DA00F8C-EC0E-42B1-9597-28CAF1159A59}
		{D09679C2-F0E7-4CA9-A26E-76E35D5D6AD4} = {6DBB27AF-F96B-4368-8F0D-386D89BE7626}
		{291DC77D-894B-4903-B382-696F4B2E64E8} = {6DBB27AF-F96B-4368-8F0D-386D89BE7626}
		{98370A1A-2305-3AE1-8D6B-0841290DE59E} = {D2D4AC77-D5F8-4AF0-8647-4B77DCFD39F4}
		{A0AFD9EC-79C8-36CE-B0E8-1B7699B493C9} = {6DBB27AF-F96B-4368-8F0D-386D89BE7626}
		{1A049192-B510-4889-9B46-BA93FB6D70C5} = {6DBB27AF-F96B-4368-8F0D-386D89BE7626}
	EndGlobalSection
	GlobalSection(ExtensibilityGlobals) = postSolution
		SolutionGuid = {0A8CEE52-492A-4393-9DD8-1A14948800DE}
	EndGlobalSection
EndGlobal
